// !$*UTF8*$!
{
	archiveVersion = 1;
	classes = {
	};
	objectVersion = 48;
	objects = {

/* Begin PBXBuildFile section */
		BEBA736820F5942F0085BA48 /* AppDelegate.swift in Sources */ = {isa = PBXBuildFile; fileRef = BEBA736720F5942F0085BA48 /* AppDelegate.swift */; };
		BEBA736A20F5942F0085BA48 /* ViewController.swift in Sources */ = {isa = PBXBuildFile; fileRef = BEBA736920F5942F0085BA48 /* ViewController.swift */; };
		BEBA736D20F5942F0085BA48 /* Main.storyboard in Resources */ = {isa = PBXBuildFile; fileRef = BEBA736B20F5942F0085BA48 /* Main.storyboard */; };
		BEBA736F20F5942F0085BA48 /* Assets.xcassets in Resources */ = {isa = PBXBuildFile; fileRef = BEBA736E20F5942F0085BA48 /* Assets.xcassets */; };
		BEBA737220F5942F0085BA48 /* LaunchScreen.storyboard in Resources */ = {isa = PBXBuildFile; fileRef = BEBA737020F5942F0085BA48 /* LaunchScreen.storyboard */; };
		BEBA737D20F5942F0085BA48 /* PaintingTestTests.swift in Sources */ = {isa = PBXBuildFile; fileRef = BEBA737C20F5942F0085BA48 /* PaintingTestTests.swift */; };
		BEBA738820F5942F0085BA48 /* PaintingTestUITests.swift in Sources */ = {isa = PBXBuildFile; fileRef = BEBA738720F5942F0085BA48 /* PaintingTestUITests.swift */; };
		BEBA739620F59FCB0085BA48 /* PaintingV.swift in Sources */ = {isa = PBXBuildFile; fileRef = BEBA739520F59FCB0085BA48 /* PaintingV.swift */; };
/* End PBXBuildFile section */

/* Begin PBXContainerItemProxy section */
		BEBA737920F5942F0085BA48 /* PBXContainerItemProxy */ = {
			isa = PBXContainerItemProxy;
			containerPortal = BEBA735C20F5942F0085BA48 /* Project object */;
			proxyType = 1;
			remoteGlobalIDString = BEBA736320F5942F0085BA48;
			remoteInfo = PaintingTest;
		};
		BEBA738420F5942F0085BA48 /* PBXContainerItemProxy */ = {
			isa = PBXContainerItemProxy;
			containerPortal = BEBA735C20F5942F0085BA48 /* Project object */;
			proxyType = 1;
			remoteGlobalIDString = BEBA736320F5942F0085BA48;
			remoteInfo = PaintingTest;
		};
/* End PBXContainerItemProxy section */

/* Begin PBXFileReference section */
		BEBA736420F5942F0085BA48 /* PaintingTest.app */ = {isa = PBXFileReference; explicitFileType = wrapper.application; includeInIndex = 0; path = PaintingTest.app; sourceTree = BUILT_PRODUCTS_DIR; };
		BEBA736720F5942F0085BA48 /* AppDelegate.swift */ = {isa = PBXFileReference; lastKnownFileType = sourcecode.swift; path = AppDelegate.swift; sourceTree = "<group>"; };
		BEBA736920F5942F0085BA48 /* ViewController.swift */ = {isa = PBXFileReference; lastKnownFileType = sourcecode.swift; path = ViewController.swift; sourceTree = "<group>"; };
		BEBA736C20F5942F0085BA48 /* Base */ = {isa = PBXFileReference; lastKnownFileType = file.storyboard; name = Base; path = Base.lproj/Main.storyboard; sourceTree = "<group>"; };
		BEBA736E20F5942F0085BA48 /* Assets.xcassets */ = {isa = PBXFileReference; lastKnownFileType = folder.assetcatalog; path = Assets.xcassets; sourceTree = "<group>"; };
		BEBA737120F5942F0085BA48 /* Base */ = {isa = PBXFileReference; lastKnownFileType = file.storyboard; name = Base; path = Base.lproj/LaunchScreen.storyboard; sourceTree = "<group>"; };
		BEBA737320F5942F0085BA48 /* Info.plist */ = {isa = PBXFileReference; lastKnownFileType = text.plist.xml; path = Info.plist; sourceTree = "<group>"; };
		BEBA737820F5942F0085BA48 /* PaintingTestTests.xctest */ = {isa = PBXFileReference; explicitFileType = wrapper.cfbundle; includeInIndex = 0; path = PaintingTestTests.xctest; sourceTree = BUILT_PRODUCTS_DIR; };
		BEBA737C20F5942F0085BA48 /* PaintingTestTests.swift */ = {isa = PBXFileReference; lastKnownFileType = sourcecode.swift; path = PaintingTestTests.swift; sourceTree = "<group>"; };
		BEBA737E20F5942F0085BA48 /* Info.plist */ = {isa = PBXFileReference; lastKnownFileType = text.plist.xml; path = Info.plist; sourceTree = "<group>"; };
		BEBA738320F5942F0085BA48 /* PaintingTestUITests.xctest */ = {isa = PBXFileReference; explicitFileType = wrapper.cfbundle; includeInIndex = 0; path = PaintingTestUITests.xctest; sourceTree = BUILT_PRODUCTS_DIR; };
		BEBA738720F5942F0085BA48 /* PaintingTestUITests.swift */ = {isa = PBXFileReference; lastKnownFileType = sourcecode.swift; path = PaintingTestUITests.swift; sourceTree = "<group>"; };
		BEBA738920F5942F0085BA48 /* Info.plist */ = {isa = PBXFileReference; lastKnownFileType = text.plist.xml; path = Info.plist; sourceTree = "<group>"; };
		BEBA739520F59FCB0085BA48 /* PaintingV.swift */ = {isa = PBXFileReference; lastKnownFileType = sourcecode.swift; path = PaintingV.swift; sourceTree = "<group>"; };
/* End PBXFileReference section */

/* Begin PBXFrameworksBuildPhase section */
		BEBA736120F5942F0085BA48 /* Frameworks */ = {
			isa = PBXFrameworksBuildPhase;
			buildActionMask = 2147483647;
			files = (
			);
			runOnlyForDeploymentPostprocessing = 0;
		};
		BEBA737520F5942F0085BA48 /* Frameworks */ = {
			isa = PBXFrameworksBuildPhase;
			buildActionMask = 2147483647;
			files = (
			);
			runOnlyForDeploymentPostprocessing = 0;
		};
		BEBA738020F5942F0085BA48 /* Frameworks */ = {
			isa = PBXFrameworksBuildPhase;
			buildActionMask = 2147483647;
			files = (
			);
			runOnlyForDeploymentPostprocessing = 0;
		};
/* End PBXFrameworksBuildPhase section */

/* Begin PBXGroup section */
		BEBA735B20F5942F0085BA48 = {
			isa = PBXGroup;
			children = (
				BEBA736620F5942F0085BA48 /* PaintingTest */,
				BEBA737B20F5942F0085BA48 /* PaintingTestTests */,
				BEBA738620F5942F0085BA48 /* PaintingTestUITests */,
				BEBA736520F5942F0085BA48 /* Products */,
			);
			sourceTree = "<group>";
		};
		BEBA736520F5942F0085BA48 /* Products */ = {
			isa = PBXGroup;
			children = (
				BEBA736420F5942F0085BA48 /* PaintingTest.app */,
				BEBA737820F5942F0085BA48 /* PaintingTestTests.xctest */,
				BEBA738320F5942F0085BA48 /* PaintingTestUITests.xctest */,
			);
			name = Products;
			sourceTree = "<group>";
		};
		BEBA736620F5942F0085BA48 /* PaintingTest */ = {
			isa = PBXGroup;
			children = (
				BEBA736720F5942F0085BA48 /* AppDelegate.swift */,
				BEBA736920F5942F0085BA48 /* ViewController.swift */,
				BEBA739520F59FCB0085BA48 /* PaintingV.swift */,
				BEBA736B20F5942F0085BA48 /* Main.storyboard */,
				BEBA736E20F5942F0085BA48 /* Assets.xcassets */,
				BEBA737020F5942F0085BA48 /* LaunchScreen.storyboard */,
				BEBA737320F5942F0085BA48 /* Info.plist */,
			);
			path = PaintingTest;
			sourceTree = "<group>";
		};
		BEBA737B20F5942F0085BA48 /* PaintingTestTests */ = {
			isa = PBXGroup;
			children = (
				BEBA737C20F5942F0085BA48 /* PaintingTestTests.swift */,
				BEBA737E20F5942F0085BA48 /* Info.plist */,
			);
			path = PaintingTestTests;
			sourceTree = "<group>";
		};
		BEBA738620F5942F0085BA48 /* PaintingTestUITests */ = {
			isa = PBXGroup;
			children = (
				BEBA738720F5942F0085BA48 /* PaintingTestUITests.swift */,
				BEBA738920F5942F0085BA48 /* Info.plist */,
			);
			path = PaintingTestUITests;
			sourceTree = "<group>";
		};
/* End PBXGroup section */

/* Begin PBXNativeTarget section */
		BEBA736320F5942F0085BA48 /* PaintingTest */ = {
			isa = PBXNativeTarget;
			buildConfigurationList = BEBA738C20F5942F0085BA48 /* Build configuration list for PBXNativeTarget "PaintingTest" */;
			buildPhases = (
				BEBA736020F5942F0085BA48 /* Sources */,
				BEBA736120F5942F0085BA48 /* Frameworks */,
				BEBA736220F5942F0085BA48 /* Resources */,
			);
			buildRules = (
			);
			dependencies = (
			);
			name = PaintingTest;
			productName = PaintingTest;
			productReference = BEBA736420F5942F0085BA48 /* PaintingTest.app */;
			productType = "com.apple.product-type.application";
		};
		BEBA737720F5942F0085BA48 /* PaintingTestTests */ = {
			isa = PBXNativeTarget;
			buildConfigurationList = BEBA738F20F5942F0085BA48 /* Build configuration list for PBXNativeTarget "PaintingTestTests" */;
			buildPhases = (
				BEBA737420F5942F0085BA48 /* Sources */,
				BEBA737520F5942F0085BA48 /* Frameworks */,
				BEBA737620F5942F0085BA48 /* Resources */,
			);
			buildRules = (
			);
			dependencies = (
				BEBA737A20F5942F0085BA48 /* PBXTargetDependency */,
			);
			name = PaintingTestTests;
			productName = PaintingTestTests;
			productReference = BEBA737820F5942F0085BA48 /* PaintingTestTests.xctest */;
			productType = "com.apple.product-type.bundle.unit-test";
		};
		BEBA738220F5942F0085BA48 /* PaintingTestUITests */ = {
			isa = PBXNativeTarget;
			buildConfigurationList = BEBA739220F5942F0085BA48 /* Build configuration list for PBXNativeTarget "PaintingTestUITests" */;
			buildPhases = (
				BEBA737F20F5942F0085BA48 /* Sources */,
				BEBA738020F5942F0085BA48 /* Frameworks */,
				BEBA738120F5942F0085BA48 /* Resources */,
			);
			buildRules = (
			);
			dependencies = (
				BEBA738520F5942F0085BA48 /* PBXTargetDependency */,
			);
			name = PaintingTestUITests;
			productName = PaintingTestUITests;
			productReference = BEBA738320F5942F0085BA48 /* PaintingTestUITests.xctest */;
			productType = "com.apple.product-type.bundle.ui-testing";
		};
/* End PBXNativeTarget section */

/* Begin PBXProject section */
		BEBA735C20F5942F0085BA48 /* Project object */ = {
			isa = PBXProject;
			attributes = {
				LastSwiftUpdateCheck = 0920;
				LastUpgradeCheck = 0920;
				ORGANIZATIONNAME = Will;
				TargetAttributes = {
					BEBA736320F5942F0085BA48 = {
						CreatedOnToolsVersion = 9.2;
						ProvisioningStyle = Manual;
					};
					BEBA737720F5942F0085BA48 = {
						CreatedOnToolsVersion = 9.2;
						ProvisioningStyle = Automatic;
						TestTargetID = BEBA736320F5942F0085BA48;
					};
					BEBA738220F5942F0085BA48 = {
						CreatedOnToolsVersion = 9.2;
						ProvisioningStyle = Automatic;
						TestTargetID = BEBA736320F5942F0085BA48;
					};
				};
			};
			buildConfigurationList = BEBA735F20F5942F0085BA48 /* Build configuration list for PBXProject "PaintingTest" */;
			compatibilityVersion = "Xcode 8.0";
			developmentRegion = en;
			hasScannedForEncodings = 0;
			knownRegions = (
				en,
				Base,
			);
			mainGroup = BEBA735B20F5942F0085BA48;
			productRefGroup = BEBA736520F5942F0085BA48 /* Products */;
			projectDirPath = "";
			projectRoot = "";
			targets = (
				BEBA736320F5942F0085BA48 /* PaintingTest */,
				BEBA737720F5942F0085BA48 /* PaintingTestTests */,
				BEBA738220F5942F0085BA48 /* PaintingTestUITests */,
			);
		};
/* End PBXProject section */

/* Begin PBXResourcesBuildPhase section */
		BEBA736220F5942F0085BA48 /* Resources */ = {
			isa = PBXResourcesBuildPhase;
			buildActionMask = 2147483647;
			files = (
				BEBA737220F5942F0085BA48 /* LaunchScreen.storyboard in Resources */,
				BEBA736F20F5942F0085BA48 /* Assets.xcassets in Resources */,
				BEBA736D20F5942F0085BA48 /* Main.storyboard in Resources */,
			);
			runOnlyForDeploymentPostprocessing = 0;
		};
		BEBA737620F5942F0085BA48 /* Resources */ = {
			isa = PBXResourcesBuildPhase;
			buildActionMask = 2147483647;
			files = (
			);
			runOnlyForDeploymentPostprocessing = 0;
		};
		BEBA738120F5942F0085BA48 /* Resources */ = {
			isa = PBXResourcesBuildPhase;
			buildActionMask = 2147483647;
			files = (
			);
			runOnlyForDeploymentPostprocessing = 0;
		};
/* End PBXResourcesBuildPhase section */

/* Begin PBXSourcesBuildPhase section */
		BEBA736020F5942F0085BA48 /* Sources */ = {
			isa = PBXSourcesBuildPhase;
			buildActionMask = 2147483647;
			files = (
				BEBA736A20F5942F0085BA48 /* ViewController.swift in Sources */,
				BEBA739620F59FCB0085BA48 /* PaintingV.swift in Sources */,
				BEBA736820F5942F0085BA48 /* AppDelegate.swift in Sources */,
			);
			runOnlyForDeploymentPostprocessing = 0;
		};
		BEBA737420F5942F0085BA48 /* Sources */ = {
			isa = PBXSourcesBuildPhase;
			buildActionMask = 2147483647;
			files = (
				BEBA737D20F5942F0085BA48 /* PaintingTestTests.swift in Sources */,
			);
			runOnlyForDeploymentPostprocessing = 0;
		};
		BEBA737F20F5942F0085BA48 /* Sources */ = {
			isa = PBXSourcesBuildPhase;
			buildActionMask = 2147483647;
			files = (
				BEBA738820F5942F0085BA48 /* PaintingTestUITests.swift in Sources */,
			);
			runOnlyForDeploymentPostprocessing = 0;
		};
/* End PBXSourcesBuildPhase section */

/* Begin PBXTargetDependency section */
		BEBA737A20F5942F0085BA48 /* PBXTargetDependency */ = {
			isa = PBXTargetDependency;
			target = BEBA736320F5942F0085BA48 /* PaintingTest */;
			targetProxy = BEBA737920F5942F0085BA48 /* PBXContainerItemProxy */;
		};
		BEBA738520F5942F0085BA48 /* PBXTargetDependency */ = {
			isa = PBXTargetDependency;
			target = BEBA736320F5942F0085BA48 /* PaintingTest */;
			targetProxy = BEBA738420F5942F0085BA48 /* PBXContainerItemProxy */;
		};
/* End PBXTargetDependency section */

/* Begin PBXVariantGroup section */
		BEBA736B20F5942F0085BA48 /* Main.storyboard */ = {
			isa = PBXVariantGroup;
			children = (
				BEBA736C20F5942F0085BA48 /* Base */,
			);
			name = Main.storyboard;
			sourceTree = "<group>";
		};
		BEBA737020F5942F0085BA48 /* LaunchScreen.storyboard */ = {
			isa = PBXVariantGroup;
			children = (
				BEBA737120F5942F0085BA48 /* Base */,
			);
			name = LaunchScreen.storyboard;
			sourceTree = "<group>";
		};
/* End PBXVariantGroup section */

/* Begin XCBuildConfiguration section */
		BEBA738A20F5942F0085BA48 /* Debug */ = {
			isa = XCBuildConfiguration;
			buildSettings = {
				ALWAYS_SEARCH_USER_PATHS = NO;
				CLANG_ANALYZER_NONNULL = YES;
				CLANG_ANALYZER_NUMBER_OBJECT_CONVERSION = YES_AGGRESSIVE;
				CLANG_CXX_LANGUAGE_STANDARD = "gnu++14";
				CLANG_CXX_LIBRARY = "libc++";
				CLANG_ENABLE_MODULES = YES;
				CLANG_ENABLE_OBJC_ARC = YES;
				CLANG_WARN_BLOCK_CAPTURE_AUTORELEASING = YES;
				CLANG_WARN_BOOL_CONVERSION = YES;
				CLANG_WARN_COMMA = YES;
				CLANG_WARN_CONSTANT_CONVERSION = YES;
				CLANG_WARN_DIRECT_OBJC_ISA_USAGE = YES_ERROR;
				CLANG_WARN_DOCUMENTATION_COMMENTS = YES;
				CLANG_WARN_EMPTY_BODY = YES;
				CLANG_WARN_ENUM_CONVERSION = YES;
				CLANG_WARN_INFINITE_RECURSION = YES;
				CLANG_WARN_INT_CONVERSION = YES;
				CLANG_WARN_NON_LITERAL_NULL_CONVERSION = YES;
				CLANG_WARN_OBJC_LITERAL_CONVERSION = YES;
				CLANG_WARN_OBJC_ROOT_CLASS = YES_ERROR;
				CLANG_WARN_RANGE_LOOP_ANALYSIS = YES;
				CLANG_WARN_STRICT_PROTOTYPES = YES;
				CLANG_WARN_SUSPICIOUS_MOVE = YES;
				CLANG_WARN_UNGUARDED_AVAILABILITY = YES_AGGRESSIVE;
				CLANG_WARN_UNREACHABLE_CODE = YES;
				CLANG_WARN__DUPLICATE_METHOD_MATCH = YES;
				CODE_SIGN_IDENTITY = "iPhone Developer";
				COPY_PHASE_STRIP = NO;
				DEBUG_INFORMATION_FORMAT = dwarf;
				ENABLE_STRICT_OBJC_MSGSEND = YES;
				ENABLE_TESTABILITY = YES;
				GCC_C_LANGUAGE_STANDARD = gnu11;
				GCC_DYNAMIC_NO_PIC = NO;
				GCC_NO_COMMON_BLOCKS = YES;
				GCC_OPTIMIZATION_LEVEL = 0;
				GCC_PREPROCESSOR_DEFINITIONS = (
					"DEBUG=1",
					"$(inherited)",
				);
				GCC_WARN_64_TO_32_BIT_CONVERSION = YES;
				GCC_WARN_ABOUT_RETURN_TYPE = YES_ERROR;
				GCC_WARN_UNDECLARED_SELECTOR = YES;
				GCC_WARN_UNINITIALIZED_AUTOS = YES_AGGRESSIVE;
				GCC_WARN_UNUSED_FUNCTION = YES;
				GCC_WARN_UNUSED_VARIABLE = YES;
				IPHONEOS_DEPLOYMENT_TARGET = 11.2;
				MTL_ENABLE_DEBUG_INFO = YES;
				ONLY_ACTIVE_ARCH = YES;
				SDKROOT = iphoneos;
				SWIFT_ACTIVE_COMPILATION_CONDITIONS = DEBUG;
				SWIFT_OPTIMIZATION_LEVEL = "-Onone";
			};
			name = Debug;
		};
		BEBA738B20F5942F0085BA48 /* Release */ = {
			isa = XCBuildConfiguration;
			buildSettings = {
				ALWAYS_SEARCH_USER_PATHS = NO;
				CLANG_ANALYZER_NONNULL = YES;
				CLANG_ANALYZER_NUMBER_OBJECT_CONVERSION = YES_AGGRESSIVE;
				CLANG_CXX_LANGUAGE_STANDARD = "gnu++14";
				CLANG_CXX_LIBRARY = "libc++";
				CLANG_ENABLE_MODULES = YES;
				CLANG_ENABLE_OBJC_ARC = YES;
				CLANG_WARN_BLOCK_CAPTURE_AUTORELEASING = YES;
				CLANG_WARN_BOOL_CONVERSION = YES;
				CLANG_WARN_COMMA = YES;
				CLANG_WARN_CONSTANT_CONVERSION = YES;
				CLANG_WARN_DIRECT_OBJC_ISA_USAGE = YES_ERROR;
				CLANG_WARN_DOCUMENTATION_COMMENTS = YES;
				CLANG_WARN_EMPTY_BODY = YES;
				CLANG_WARN_ENUM_CONVERSION = YES;
				CLANG_WARN_INFINITE_RECURSION = YES;
				CLANG_WARN_INT_CONVERSION = YES;
				CLANG_WARN_NON_LITERAL_NULL_CONVERSION = YES;
				CLANG_WARN_OBJC_LITERAL_CONVERSION = YES;
				CLANG_WARN_OBJC_ROOT_CLASS = YES_ERROR;
				CLANG_WARN_RANGE_LOOP_ANALYSIS = YES;
				CLANG_WARN_STRICT_PROTOTYPES = YES;
				CLANG_WARN_SUSPICIOUS_MOVE = YES;
				CLANG_WARN_UNGUARDED_AVAILABILITY = YES_AGGRESSIVE;
				CLANG_WARN_UNREACHABLE_CODE = YES;
				CLANG_WARN__DUPLICATE_METHOD_MATCH = YES;
				CODE_SIGN_IDENTITY = "iPhone Developer";
				COPY_PHASE_STRIP = NO;
				DEBUG_INFORMATION_FORMAT = "dwarf-with-dsym";
				ENABLE_NS_ASSERTIONS = NO;
				ENABLE_STRICT_OBJC_MSGSEND = YES;
				GCC_C_LANGUAGE_STANDARD = gnu11;
				GCC_NO_COMMON_BLOCKS = YES;
				GCC_WARN_64_TO_32_BIT_CONVERSION = YES;
				GCC_WARN_ABOUT_RETURN_TYPE = YES_ERROR;
				GCC_WARN_UNDECLARED_SELECTOR = YES;
				GCC_WARN_UNINITIALIZED_AUTOS = YES_AGGRESSIVE;
				GCC_WARN_UNUSED_FUNCTION = YES;
				GCC_WARN_UNUSED_VARIABLE = YES;
				IPHONEOS_DEPLOYMENT_TARGET = 11.2;
				MTL_ENABLE_DEBUG_INFO = NO;
				SDKROOT = iphoneos;
				SWIFT_OPTIMIZATION_LEVEL = "-Owholemodule";
				VALIDATE_PRODUCT = YES;
			};
			name = Release;
		};
		BEBA738D20F5942F0085BA48 /* Debug */ = {
			isa = XCBuildConfiguration;
			buildSettings = {
				ASSETCATALOG_COMPILER_APPICON_NAME = AppIcon;
				CODE_SIGN_STYLE = Manual;
				DEVELOPMENT_TEAM = Z8K22FJJJF;
				INFOPLIST_FILE = PaintingTest/Info.plist;
				IPHONEOS_DEPLOYMENT_TARGET = 8.0;
				LD_RUNPATH_SEARCH_PATHS = "$(inherited) @executable_path/Frameworks";
				PRODUCT_BUNDLE_IDENTIFIER = com.pinganAI.PaintingTest;
				PRODUCT_NAME = "$(TARGET_NAME)";
				PROVISIONING_PROFILE = "4561a84f-5e74-4aa0-b296-cceada146c9a";
				PROVISIONING_PROFILE_SPECIFIER = pinganAI_Development_October;
				SWIFT_VERSION = 4.0;
				TARGETED_DEVICE_FAMILY = "1,2";
			};
			name = Debug;
		};
		BEBA738E20F5942F0085BA48 /* Release */ = {
			isa = XCBuildConfiguration;
			buildSettings = {
				ASSETCATALOG_COMPILER_APPICON_NAME = AppIcon;
				CODE_SIGN_STYLE = Manual;
				DEVELOPMENT_TEAM = Z8K22FJJJF;
				INFOPLIST_FILE = PaintingTest/Info.plist;
				IPHONEOS_DEPLOYMENT_TARGET = 8.0;
				LD_RUNPATH_SEARCH_PATHS = "$(inherited) @executable_path/Frameworks";
				PRODUCT_BUNDLE_IDENTIFIER = com.pinganAI.PaintingTest;
				PRODUCT_NAME = "$(TARGET_NAME)";
				PROVISIONING_PROFILE = "4561a84f-5e74-4aa0-b296-cceada146c9a";
				PROVISIONING_PROFILE_SPECIFIER = pinganAI_Development_October;
				SWIFT_VERSION = 4.0;
				TARGETED_DEVICE_FAMILY = "1,2";
			};
			name = Release;
		};
		BEBA739020F5942F0085BA48 /* Debug */ = {
			isa = XCBuildConfiguration;
			buildSettings = {
				ALWAYS_EMBED_SWIFT_STANDARD_LIBRARIES = YES;
				BUNDLE_LOADER = "$(TEST_HOST)";
				CODE_SIGN_STYLE = Automatic;
				INFOPLIST_FILE = PaintingTestTests/Info.plist;
				LD_RUNPATH_SEARCH_PATHS = "$(inherited) @executable_path/Frameworks @loader_path/Frameworks";
				PRODUCT_BUNDLE_IDENTIFIER = com.pinganAI.WILL.PaintingTestTests;
				PRODUCT_NAME = "$(TARGET_NAME)";
				SWIFT_VERSION = 4.0;
				TARGETED_DEVICE_FAMILY = "1,2";
				TEST_HOST = "$(BUILT_PRODUCTS_DIR)/PaintingTest.app/PaintingTest";
			};
			name = Debug;
		};
		BEBA739120F5942F0085BA48 /* Release */ = {
			isa = XCBuildConfiguration;
			buildSettings = {
				ALWAYS_EMBED_SWIFT_STANDARD_LIBRARIES = YES;
				BUNDLE_LOADER = "$(TEST_HOST)";
				CODE_SIGN_STYLE = Automatic;
				INFOPLIST_FILE = PaintingTestTests/Info.plist;
				LD_RUNPATH_SEARCH_PATHS = "$(inherited) @executable_path/Frameworks @loader_path/Frameworks";
				PRODUCT_BUNDLE_IDENTIFIER = com.pinganAI.WILL.PaintingTestTests;
				PRODUCT_NAME = "$(TARGET_NAME)";
				SWIFT_VERSION = 4.0;
				TARGETED_DEVICE_FAMILY = "1,2";
				TEST_HOST = "$(BUILT_PRODUCTS_DIR)/PaintingTest.app/PaintingTest";
			};
			name = Release;
		};
		BEBA739320F5942F0085BA48 /* Debug */ = {
			isa = XCBuildConfiguration;
			buildSettings = {
				ALWAYS_EMBED_SWIFT_STANDARD_LIBRARIES = YES;
				CODE_SIGN_STYLE = Automatic;
				INFOPLIST_FILE = PaintingTestUITests/Info.plist;
				LD_RUNPATH_SEARCH_PATHS = "$(inherited) @executable_path/Frameworks @loader_path/Frameworks";
				PRODUCT_BUNDLE_IDENTIFIER = com.pinganAI.WILL.PaintingTestUITests;
				PRODUCT_NAME = "$(TARGET_NAME)";
				SWIFT_VERSION = 4.0;
				TARGETED_DEVICE_FAMILY = "1,2";
				TEST_TARGET_NAME = PaintingTest;
			};
			name = Debug;
		};
		BEBA739420F5942F0085BA48 /* Release */ = {
			isa = XCBuildConfiguration;
			buildSettings = {
				ALWAYS_EMBED_SWIFT_STANDARD_LIBRARIES = YES;
				CODE_SIGN_STYLE = Automatic;
				INFOPLIST_FILE = PaintingTestUITests/Info.plist;
				LD_RUNPATH_SEARCH_PATHS = "$(inherited) @executable_path/Frameworks @loader_path/Frameworks";
				PRODUCT_BUNDLE_IDENTIFIER = com.pinganAI.WILL.PaintingTestUITests;
				PRODUCT_NAME = "$(TARGET_NAME)";
				SWIFT_VERSION = 4.0;
				TARGETED_DEVICE_FAMILY = "1,2";
				TEST_TARGET_NAME = PaintingTest;
			};
			name = Release;
		};
/* End XCBuildConfiguration section */

/* Begin XCConfigurationList section */
		BEBA735F20F5942F0085BA48 /* Build configuration list for PBXProject "PaintingTest" */ = {
			isa = XCConfigurationList;
			buildConfigurations = (
				BEBA738A20F5942F0085BA48 /* Debug */,
				BEBA738B20F5942F0085BA48 /* Release */,
			);
			defaultConfigurationIsVisible = 0;
			defaultConfigurationName = Release;
		};
		BEBA738C20F5942F0085BA48 /* Build configuration list for PBXNativeTarget "PaintingTest" */ = {
			isa = XCConfigurationList;
			buildConfigurations = (
				BEBA738D20F5942F0085BA48 /* Debug */,
				BEBA738E20F5942F0085BA48 /* Release */,
			);
			defaultConfigurationIsVisible = 0;
			defaultConfigurationName = Release;
		};
		BEBA738F20F5942F0085BA48 /* Build configuration list for PBXNativeTarget "PaintingTestTests" */ = {
			isa = XCConfigurationList;
			buildConfigurations = (
				BEBA739020F5942F0085BA48 /* Debug */,
				BEBA739120F5942F0085BA48 /* Release */,
			);
			defaultConfigurationIsVisible = 0;
			defaultConfigurationName = Release;
		};
		BEBA739220F5942F0085BA48 /* Build configuration list for PBXNativeTarget "PaintingTestUITests" */ = {
			isa = XCConfigurationList;
			buildConfigurations = (
				BEBA739320F5942F0085BA48 /* Debug */,
				BEBA739420F5942F0085BA48 /* Release */,
			);
			defaultConfigurationIsVisible = 0;
			defaultConfigurationName = Release;
		};
/* End XCConfigurationList section */
	};
	rootObject = BEBA735C20F5942F0085BA48 /* Project object */;
}
